
Microsoft Visual Studio Solution File, Format Version 12.00
# Visual Studio Version 16
VisualStudioVersion = 16.0.31729.503
MinimumVisualStudioVersion = 10.0.40219.1
Project("{FAE04EC0-301F-11D3-BF4B-00C04F79EFBC}") = "SelSort", "SelSort\SelSort.csproj", "{4CD0CEC5-065F-4909-A96E-50601F8675AA}"
EndProject
Global
	GlobalSection(SolutionConfigurationPlatforms) = preSolution
		Debug|Any CPU = Debug|Any CPU
		Release|Any CPU = Release|Any CPU
	EndGlobalSection
	GlobalSection(ProjectConfigurationPlatforms) = postSolution
		{4CD0CEC5-065F-4909-A96E-50601F8675AA}.Debug|Any CPU.ActiveCfg = Debug|Any CPU
		{4CD0CEC5-065F-4909-A96E-50601F8675AA}.Debug|Any CPU.Build.0 = Debug|Any CPU
		{4CD0CEC5-065F-4909-A96E-50601F8675AA}.Release|Any CPU.ActiveCfg = Release|Any CPU
		{4CD0CEC5-065F-4909-A96E-50601F8675AA}.Release|Any CPU.Build.0 = Release|Any CPU
	EndGlobalSection
	GlobalSection(SolutionProperties) = preSolution
		HideSolutionNode = FALSE
	EndGlobalSection
	GlobalSection(ExtensibilityGlobals) = postSolution
		SolutionGuid = {E27DC14A-0AC4-4E63-8E26-6D09DC43A8EF}
	EndGlobalSection
EndGlobal
